
Microsoft Visual Studio Solution File, Format Version 12.00
# Visual Studio 15
VisualStudioVersion = 15.0.28307.705
MinimumVisualStudioVersion = 10.0.40219.1
Project("{FAE04EC0-301F-11D3-BF4B-00C04F79EFBC}") = "FirstClass5202", "FirstClass5202\FirstClass5202.csproj", "{9AE24D99-DE34-4004-9788-9EDC5FB24830}"
EndProject
Global
	GlobalSection(SolutionConfigurationPlatforms) = preSolution
		Debug|Any CPU = Debug|Any CPU
		Release|Any CPU = Release|Any CPU
	EndGlobalSection
	GlobalSection(ProjectConfigurationPlatforms) = postSolution
		{9AE24D99-DE34-4004-9788-9EDC5FB24830}.Debug|Any CPU.ActiveCfg = Debug|Any CPU
		{9AE24D99-DE34-4004-9788-9EDC5FB24830}.Debug|Any CPU.Build.0 = Debug|Any CPU
		{9AE24D99-DE34-4004-9788-9EDC5FB24830}.Release|Any CPU.ActiveCfg = Release|Any CPU
		{9AE24D99-DE34-4004-9788-9EDC5FB24830}.Release|Any CPU.Build.0 = Release|Any CPU
	EndGlobalSection
	GlobalSection(SolutionProperties) = preSolution
		HideSolutionNode = FALSE
	EndGlobalSection
	GlobalSection(ExtensibilityGlobals) = postSolution
		SolutionGuid = {10A5740C-1111-406B-A043-D877A3BB4F63}
	EndGlobalSection
EndGlobal
